
Microsoft Visual Studio Solution File, Format Version 12.00
# Visual Studio 15
VisualStudioVersion = 15.0.28010.2046
MinimumVisualStudioVersion = 10.0.40219.1
Project("{FAE04EC0-301F-11D3-BF4B-00C04F79EFBC}") = "WpfCA1", "WpfCA1.csproj", "{ED45F13B-C627-469D-B3C4-09CFC6836515}"
EndProject
Global
	GlobalSection(SolutionConfigurationPlatforms) = preSolution
		Debug|Any CPU = Debug|Any CPU
		Release|Any CPU = Release|Any CPU
	EndGlobalSection
	GlobalSection(ProjectConfigurationPlatforms) = postSolution
		{ED45F13B-C627-469D-B3C4-09CFC6836515}.Debug|Any CPU.ActiveCfg = Debug|Any CPU
		{ED45F13B-C627-469D-B3C4-09CFC6836515}.Debug|Any CPU.Build.0 = Debug|Any CPU
		{ED45F13B-C627-469D-B3C4-09CFC6836515}.Release|Any CPU.ActiveCfg = Release|Any CPU
		{ED45F13B-C627-469D-B3C4-09CFC6836515}.Release|Any CPU.Build.0 = Release|Any CPU
	EndGlobalSection
	GlobalSection(SolutionProperties) = preSolution
		HideSolutionNode = FALSE
	EndGlobalSection
	GlobalSection(ExtensibilityGlobals) = postSolution
		SolutionGuid = {3F8BF908-A10E-4309-BA61-886657B1EE25}
	EndGlobalSection
EndGlobal
